<?xml version="1.0" encoding="UTF-8" standalone="yes" ?>
<CodeBlocks_project_file>
	<FileVersion major="1" minor="6" />
	<Project>
		<Option title="Editeur" />
		<Option pch_mode="2" />
		<Option compiler="gcc" />
		<Build>
			<Target title="Debug">
				<Option output="bin\Debug\Editeur" prefix_auto="1" extension_auto="1" />
				<Option object_output="obj\Debug\" />
				<Option type="0" />
				<Option compiler="gcc" />
				<Compiler>
					<Add option="-O3" />
					<Add option="-W" />
					<Add option="-g" />
				</Compiler>
			</Target>
			<Target title="Release">
				<Option output="bin\Release\Editeur" prefix_auto="1" extension_auto="1" />
				<Option object_output="obj\Release\" />
				<Option type="0" />
				<Option compiler="gcc" />
				<Compiler>
					<Add option="-O2" />
				</Compiler>
				<Linker>
					<Add option="-s" />
				</Linker>
			</Target>
		</Build>
		<Compiler>
			<Add option="-Wall" />
			<Add option="-DIN_EDITOR_MODE" />
			<Add directory="D:\Programmes\CodeBlocks\SDL-1.2.12\include" />
		</Compiler>
		<Linker>
			<Add library="mingw32" />
			<Add library="SDLmain" />
			<Add library="SDL.dll" />
			<Add library="user32" />
			<Add library="gdi32" />
			<Add library="winmm" />
			<Add library="dxguid" />
			<Add library="SDL_ttf" />
			<Add library="SDL_image" />
			<Add directory="D:\Programmes\CodeBlocks\SDL-1.2.12\lib" />
		</Linker>
		<Unit filename="carte.c">
			<Option compilerVar="CC" />
		</Unit>
		<Unit filename="carte.h" />
		<Unit filename="librairie.c">
			<Option compilerVar="CC" />
		</Unit>
		<Unit filename="librairie.h" />
		<Unit filename="main.c">
			<Option compilerVar="CC" />
		</Unit>
		<Unit filename="ressource.rc">
			<Option compilerVar="WINDRES" />
		</Unit>
		<Unit filename="..\constants.c">
			<Option compilerVar="CC" />
		</Unit>
		<Unit filename="..\constants.h" />
		<Unit filename="..\map.c">
			<Option compilerVar="CC" />
		</Unit>
		<Unit filename="..\map.h" />
		<Unit filename="..\options.c">
			<Option compilerVar="CC" />
		</Unit>
		<Unit filename="..\options.h" />
		<Extensions>
			<code_completion />
			<debugger />
			<envvars />
		</Extensions>
	</Project>
</CodeBlocks_project_file>
